// !$*UTF8*$!
{
	archiveVersion = 1;
	classes = {
	};
	objectVersion = 77;
	objects = {

/* Begin PBXContainerItemProxy section */
		60DD0AA62D30F84400F891FC /* PBXContainerItemProxy */ = {
			isa = PBXContainerItemProxy;
			containerPortal = 60DD0A872D30F84200F891FC /* Project object */;
			proxyType = 1;
			remoteGlobalIDString = 60DD0A8E2D30F84200F891FC;
			remoteInfo = wifi;
		};
		60DD0AB02D30F84400F891FC /* PBXContainerItemProxy */ = {
			isa = PBXContainerItemProxy;
			containerPortal = 60DD0A872D30F84200F891FC /* Project object */;
			proxyType = 1;
			remoteGlobalIDString = 60DD0A8E2D30F84200F891FC;
			remoteInfo = wifi;
		};
/* End PBXContainerItemProxy section */

/* Begin PBXFileReference section */
		60DD0A8F2D30F84200F891FC /* Perpetual.app */ = {isa = PBXFileReference; explicitFileType = wrapper.application; includeInIndex = 0; path = Perpetual.app; sourceTree = BUILT_PRODUCTS_DIR; };
		60DD0AA52D30F84400F891FC /* PerpetualTests.xctest */ = {isa = PBXFileReference; explicitFileType = wrapper.cfbundle; includeInIndex = 0; path = PerpetualTests.xctest; sourceTree = BUILT_PRODUCTS_DIR; };
		60DD0AAF2D30F84400F891FC /* PerpetualUITests.xctest */ = {isa = PBXFileReference; explicitFileType = wrapper.cfbundle; includeInIndex = 0; path = PerpetualUITests.xctest; sourceTree = BUILT_PRODUCTS_DIR; };
/* End PBXFileReference section */

/* Begin PBXFileSystemSynchronizedBuildFileExceptionSet section */
		60DD0AB72D30F84400F891FC /* Exceptions for "wifi" folder in "Perpetual" target */ = {
			isa = PBXFileSystemSynchronizedBuildFileExceptionSet;
			membershipExceptions = (
				Info.plist,
			);
			target = 60DD0A8E2D30F84200F891FC /* Perpetual */;
		};
/* End PBXFileSystemSynchronizedBuildFileExceptionSet section */

/* Begin PBXFileSystemSynchronizedRootGroup section */
		60DD0A912D30F84200F891FC /* wifi */ = {
			isa = PBXFileSystemSynchronizedRootGroup;
			exceptions = (
				60DD0AB72D30F84400F891FC /* Exceptions for "wifi" folder in "Perpetual" target */,
			);
			path = wifi;
			sourceTree = "<group>";
		};
		60DD0AA82D30F84400F891FC /* wifiTests */ = {
			isa = PBXFileSystemSynchronizedRootGroup;
			path = wifiTests;
			sourceTree = "<group>";
		};
		60DD0AB22D30F84400F891FC /* wifiUITests */ = {
			isa = PBXFileSystemSynchronizedRootGroup;
			path = wifiUITests;
			sourceTree = "<group>";
		};
/* End PBXFileSystemSynchronizedRootGroup section */

/* Begin PBXFrameworksBuildPhase section */
		60DD0A8C2D30F84200F891FC /* Frameworks */ = {
			isa = PBXFrameworksBuildPhase;
			buildActionMask = 2147483647;
			files = (
			);
			runOnlyForDeploymentPostprocessing = 0;
		};
		60DD0AA22D30F84400F891FC /* Frameworks */ = {
			isa = PBXFrameworksBuildPhase;
			buildActionMask = 2147483647;
			files = (
			);
			runOnlyForDeploymentPostprocessing = 0;
		};
		60DD0AAC2D30F84400F891FC /* Frameworks */ = {
			isa = PBXFrameworksBuildPhase;
			buildActionMask = 2147483647;
			files = (
			);
			runOnlyForDeploymentPostprocessing = 0;
		};
/* End PBXFrameworksBuildPhase section */

/* Begin PBXGroup section */
		60DD0A862D30F84200F891FC = {
			isa = PBXGroup;
			children = (
				60DD0A912D30F84200F891FC /* wifi */,
				60DD0AA82D30F84400F891FC /* wifiTests */,
				60DD0AB22D30F84400F891FC /* wifiUITests */,
				60DD0A902D30F84200F891FC /* Products */,
			);
			sourceTree = "<group>";
		};
		60DD0A902D30F84200F891FC /* Products */ = {
			isa = PBXGroup;
			children = (
				60DD0A8F2D30F84200F891FC /* Perpetual.app */,
				60DD0AA52D30F84400F891FC /* PerpetualTests.xctest */,
				60DD0AAF2D30F84400F891FC /* PerpetualUITests.xctest */,
			);
			name = Products;
			sourceTree = "<group>";
		};
/* End PBXGroup section */

/* Begin PBXNativeTarget section */
		60DD0A8E2D30F84200F891FC /* Perpetual */ = {
			isa = PBXNativeTarget;
			buildConfigurationList = 60DD0AB82D30F84400F891FC /* Build configuration list for PBXNativeTarget "Perpetual" */;
			buildPhases = (
				60DD0A8B2D30F84200F891FC /* Sources */,
				60DD0A8C2D30F84200F891FC /* Frameworks */,
				60DD0A8D2D30F84200F891FC /* Resources */,
			);
			buildRules = (
			);
			dependencies = (
			);
			fileSystemSynchronizedGroups = (
				60DD0A912D30F84200F891FC /* wifi */,
			);
			name = Perpetual;
			packageProductDependencies = (
			);
			productName = wifi;
			productReference = 60DD0A8F2D30F84200F891FC /* Perpetual.app */;
			productType = "com.apple.product-type.application";
		};
		60DD0AA42D30F84400F891FC /* PerpetualTests */ = {
			isa = PBXNativeTarget;
			buildConfigurationList = 60DD0ABD2D30F84400F891FC /* Build configuration list for PBXNativeTarget "PerpetualTests" */;
			buildPhases = (
				60DD0AA12D30F84400F891FC /* Sources */,
				60DD0AA22D30F84400F891FC /* Frameworks */,
				60DD0AA32D30F84400F891FC /* Resources */,
			);
			buildRules = (
			);
			dependencies = (
				60DD0AA72D30F84400F891FC /* PBXTargetDependency */,
			);
			fileSystemSynchronizedGroups = (
				60DD0AA82D30F84400F891FC /* wifiTests */,
			);
			name = PerpetualTests;
			packageProductDependencies = (
			);
			productName = wifiTests;
			productReference = 60DD0AA52D30F84400F891FC /* PerpetualTests.xctest */;
			productType = "com.apple.product-type.bundle.unit-test";
		};
		60DD0AAE2D30F84400F891FC /* PerpetualUITests */ = {
			isa = PBXNativeTarget;
			buildConfigurationList = 60DD0AC02D30F84400F891FC /* Build configuration list for PBXNativeTarget "PerpetualUITests" */;
			buildPhases = (
				60DD0AAB2D30F84400F891FC /* Sources */,
				60DD0AAC2D30F84400F891FC /* Frameworks */,
				60DD0AAD2D30F84400F891FC /* Resources */,
			);
			buildRules = (
			);
			dependencies = (
				60DD0AB12D30F84400F891FC /* PBXTargetDependency */,
			);
			fileSystemSynchronizedGroups = (
				60DD0AB22D30F84400F891FC /* wifiUITests */,
			);
			name = PerpetualUITests;
			packageProductDependencies = (
			);
			productName = wifiUITests;
			productReference = 60DD0AAF2D30F84400F891FC /* PerpetualUITests.xctest */;
			productType = "com.apple.product-type.bundle.ui-testing";
		};
/* End PBXNativeTarget section */

/* Begin PBXProject section */
		60DD0A872D30F84200F891FC /* Project object */ = {
			isa = PBXProject;
			attributes = {
				BuildIndependentTargetsInParallel = 1;
				LastSwiftUpdateCheck = 1620;
				LastUpgradeCheck = 1620;
				TargetAttributes = {
					60DD0A8E2D30F84200F891FC = {
						CreatedOnToolsVersion = 16.2;
					};
					60DD0AA42D30F84400F891FC = {
						CreatedOnToolsVersion = 16.2;
						TestTargetID = 60DD0A8E2D30F84200F891FC;
					};
					60DD0AAE2D30F84400F891FC = {
						CreatedOnToolsVersion = 16.2;
						TestTargetID = 60DD0A8E2D30F84200F891FC;
					};
				};
			};
			buildConfigurationList = 60DD0A8A2D30F84200F891FC /* Build configuration list for PBXProject "Perpetual" */;
			developmentRegion = en;
			hasScannedForEncodings = 0;
			knownRegions = (
				en,
				Base,
			);
			mainGroup = 60DD0A862D30F84200F891FC;
			minimizedProjectReferenceProxies = 1;
			preferredProjectObjectVersion = 77;
			productRefGroup = 60DD0A902D30F84200F891FC /* Products */;
			projectDirPath = "";
			projectRoot = "";
			targets = (
				60DD0A8E2D30F84200F891FC /* Perpetual */,
				60DD0AA42D30F84400F891FC /* PerpetualTests */,
				60DD0AAE2D30F84400F891FC /* PerpetualUITests */,
			);
		};
/* End PBXProject section */

/* Begin PBXResourcesBuildPhase section */
		60DD0A8D2D30F84200F891FC /* Resources */ = {
			isa = PBXResourcesBuildPhase;
			buildActionMask = 2147483647;
			files = (
			);
			runOnlyForDeploymentPostprocessing = 0;
		};
		60DD0AA32D30F84400F891FC /* Resources */ = {
			isa = PBXResourcesBuildPhase;
			buildActionMask = 2147483647;
			files = (
			);
			runOnlyForDeploymentPostprocessing = 0;
		};
		60DD0AAD2D30F84400F891FC /* Resources */ = {
			isa = PBXResourcesBuildPhase;
			buildActionMask = 2147483647;
			files = (
			);
			runOnlyForDeploymentPostprocessing = 0;
		};
/* End PBXResourcesBuildPhase section */

/* Begin PBXSourcesBuildPhase section */
		60DD0A8B2D30F84200F891FC /* Sources */ = {
			isa = PBXSourcesBuildPhase;
			buildActionMask = 2147483647;
			files = (
			);
			runOnlyForDeploymentPostprocessing = 0;
		};
		60DD0AA12D30F84400F891FC /* Sources */ = {
			isa = PBXSourcesBuildPhase;
			buildActionMask = 2147483647;
			files = (
			);
			runOnlyForDeploymentPostprocessing = 0;
		};
		60DD0AAB2D30F84400F891FC /* Sources */ = {
			isa = PBXSourcesBuildPhase;
			buildActionMask = 2147483647;
			files = (
			);
			runOnlyForDeploymentPostprocessing = 0;
		};
/* End PBXSourcesBuildPhase section */

/* Begin PBXTargetDependency section */
		60DD0AA72D30F84400F891FC /* PBXTargetDependency */ = {
			isa = PBXTargetDependency;
			target = 60DD0A8E2D30F84200F891FC /* Perpetual */;
			targetProxy = 60DD0AA62D30F84400F891FC /* PBXContainerItemProxy */;
		};
		60DD0AB12D30F84400F891FC /* PBXTargetDependency */ = {
			isa = PBXTargetDependency;
			target = 60DD0A8E2D30F84200F891FC /* Perpetual */;
			targetProxy = 60DD0AB02D30F84400F891FC /* PBXContainerItemProxy */;
		};
/* End PBXTargetDependency section */

/* Begin XCBuildConfiguration section */
		60DD0AB92D30F84400F891FC /* Debug */ = {
			isa = XCBuildConfiguration;
			buildSettings = {
				ASSETCATALOG_COMPILER_APPICON_NAME = AppIcon;
				ASSETCATALOG_COMPILER_GLOBAL_ACCENT_COLOR_NAME = AccentColor;
				CODE_SIGN_STYLE = Automatic;
				CURRENT_PROJECT_VERSION = 1;
				DEVELOPMENT_TEAM = UU9K8S2RUM;
				GENERATE_INFOPLIST_FILE = YES;
				INFOPLIST_FILE = wifi/Info.plist;
				INFOPLIST_KEY_UIApplicationSupportsIndirectInputEvents = YES;
				INFOPLIST_KEY_UILaunchStoryboardName = LaunchScreen;
				INFOPLIST_KEY_UIMainStoryboardFile = Main;
				INFOPLIST_KEY_UISupportedInterfaceOrientations_iPad = "UIInterfaceOrientationPortrait UIInterfaceOrientationPortraitUpsideDown UIInterfaceOrientationLandscapeLeft UIInterfaceOrientationLandscapeRight";
				INFOPLIST_KEY_UISupportedInterfaceOrientations_iPhone = "UIInterfaceOrientationPortrait UIInterfaceOrientationLandscapeLeft UIInterfaceOrientationLandscapeRight";
				LD_RUNPATH_SEARCH_PATHS = (
					"$(inherited)",
					"@executable_path/Frameworks",
				);
				MARKETING_VERSION = 1.0;
				PRODUCT_BUNDLE_IDENTIFIER = com.pro.wifi;
				PRODUCT_NAME = "$(TARGET_NAME)";
				SWIFT_EMIT_LOC_STRINGS = YES;
				SWIFT_VERSION = 5.0;
				TARGETED_DEVICE_FAMILY = "1,2";
			};
			name = Debug;
		};
		60DD0ABA2D30F84400F891FC /* Release */ = {
			isa = XCBuildConfiguration;
			buildSettings = {
				ASSETCATALOG_COMPILER_APPICON_NAME = AppIcon;
				ASSETCATALOG_COMPILER_GLOBAL_ACCENT_COLOR_NAME = AccentColor;
				CODE_SIGN_STYLE = Automatic;
				CURRENT_PROJECT_VERSION = 1;
				DEVELOPMENT_TEAM = UU9K8S2RUM;
				GENERATE_INFOPLIST_FILE = YES;
				INFOPLIST_FILE = wifi/Info.plist;
				INFOPLIST_KEY_UIApplicationSupportsIndirectInputEvents = YES;
				INFOPLIST_KEY_UILaunchStoryboardName = LaunchScreen;
				INFOPLIST_KEY_UIMainStoryboardFile = Main;
				INFOPLIST_KEY_UISupportedInterfaceOrientations_iPad = "UIInterfaceOrientationPortrait UIInterfaceOrientationPortraitUpsideDown UIInterfaceOrientationLandscapeLeft UIInterfaceOrientationLandscapeRight";
				INFOPLIST_KEY_UISupportedInterfaceOrientations_iPhone = "UIInterfaceOrientationPortrait UIInterfaceOrientationLandscapeLeft UIInterfaceOrientationLandscapeRight";
				LD_RUNPATH_SEARCH_PATHS = (
					"$(inherited)",
					"@executable_path/Frameworks",
				);
				MARKETING_VERSION = 1.0;
				PRODUCT_BUNDLE_IDENTIFIER = com.pro.wifi;
				PRODUCT_NAME = "$(TARGET_NAME)";
				SWIFT_EMIT_LOC_STRINGS = YES;
				SWIFT_VERSION = 5.0;
				TARGETED_DEVICE_FAMILY = "1,2";
			};
			name = Release;
		};
		60DD0ABB2D30F84400F891FC /* Debug */ = {
			isa = XCBuildConfiguration;
			buildSettings = {
				ALWAYS_SEARCH_USER_PATHS = NO;
				ASSETCATALOG_COMPILER_GENERATE_SWIFT_ASSET_SYMBOL_EXTENSIONS = YES;
				CLANG_ANALYZER_NONNULL = YES;
				CLANG_ANALYZER_NUMBER_OBJECT_CONVERSION = YES_AGGRESSIVE;
				CLANG_CXX_LANGUAGE_STANDARD = "gnu++20";
				CLANG_ENABLE_MODULES = YES;
				CLANG_ENABLE_OBJC_ARC = YES;
				CLANG_ENABLE_OBJC_WEAK = YES;
				CLANG_WARN_BLOCK_CAPTURE_AUTORELEASING = YES;
				CLANG_WARN_BOOL_CONVERSION = YES;
				CLANG_WARN_COMMA = YES;
				CLANG_WARN_CONSTANT_CONVERSION = YES;
				CLANG_WARN_DEPRECATED_OBJC_IMPLEMENTATIONS = YES;
				CLANG_WARN_DIRECT_OBJC_ISA_USAGE = YES_ERROR;
				CLANG_WARN_DOCUMENTATION_COMMENTS = YES;
				CLANG_WARN_EMPTY_BODY = YES;
				CLANG_WARN_ENUM_CONVERSION = YES;
				CLANG_WARN_INFINITE_RECURSION = YES;
				CLANG_WARN_INT_CONVERSION = YES;
				CLANG_WARN_NON_LITERAL_NULL_CONVERSION = YES;
				CLANG_WARN_OBJC_IMPLICIT_RETAIN_SELF = YES;
				CLANG_WARN_OBJC_LITERAL_CONVERSION = YES;
				CLANG_WARN_OBJC_ROOT_CLASS = YES_ERROR;
				CLANG_WARN_QUOTED_INCLUDE_IN_FRAMEWORK_HEADER = YES;
				CLANG_WARN_RANGE_LOOP_ANALYSIS = YES;
				CLANG_WARN_STRICT_PROTOTYPES = YES;
				CLANG_WARN_SUSPICIOUS_MOVE = YES;
				CLANG_WARN_UNGUARDED_AVAILABILITY = YES_AGGRESSIVE;
				CLANG_WARN_UNREACHABLE_CODE = YES;
				CLANG_WARN__DUPLICATE_METHOD_MATCH = YES;
				COPY_PHASE_STRIP = NO;
				DEBUG_INFORMATION_FORMAT = dwarf;
				ENABLE_STRICT_OBJC_MSGSEND = YES;
				ENABLE_TESTABILITY = YES;
				ENABLE_USER_SCRIPT_SANDBOXING = YES;
				GCC_C_LANGUAGE_STANDARD = gnu17;
				GCC_DYNAMIC_NO_PIC = NO;
				GCC_NO_COMMON_BLOCKS = YES;
				GCC_OPTIMIZATION_LEVEL = 0;
				GCC_PREPROCESSOR_DEFINITIONS = (
					"DEBUG=1",
					"$(inherited)",
				);
				GCC_WARN_64_TO_32_BIT_CONVERSION = YES;
				GCC_WARN_ABOUT_RETURN_TYPE = YES_ERROR;
				GCC_WARN_UNDECLARED_SELECTOR = YES;
				GCC_WARN_UNINITIALIZED_AUTOS = YES_AGGRESSIVE;
				GCC_WARN_UNUSED_FUNCTION = YES;
				GCC_WARN_UNUSED_VARIABLE = YES;
				IPHONEOS_DEPLOYMENT_TARGET = 18.2;
				LOCALIZATION_PREFERS_STRING_CATALOGS = YES;
				MTL_ENABLE_DEBUG_INFO = INCLUDE_SOURCE;
				MTL_FAST_MATH = YES;
				ONLY_ACTIVE_ARCH = YES;
				SDKROOT = iphoneos;
				SWIFT_ACTIVE_COMPILATION_CONDITIONS = "DEBUG $(inherited)";
				SWIFT_OPTIMIZATION_LEVEL = "-Onone";
			};
			name = Debug;
		};
		60DD0ABC2D30F84400F891FC /* Release */ = {
			isa = XCBuildConfiguration;
			buildSettings = {
				ALWAYS_SEARCH_USER_PATHS = NO;
				ASSETCATALOG_COMPILER_GENERATE_SWIFT_ASSET_SYMBOL_EXTENSIONS = YES;
				CLANG_ANALYZER_NONNULL = YES;
				CLANG_ANALYZER_NUMBER_OBJECT_CONVERSION = YES_AGGRESSIVE;
				CLANG_CXX_LANGUAGE_STANDARD = "gnu++20";
				CLANG_ENABLE_MODULES = YES;
				CLANG_ENABLE_OBJC_ARC = YES;
				CLANG_ENABLE_OBJC_WEAK = YES;
				CLANG_WARN_BLOCK_CAPTURE_AUTORELEASING = YES;
				CLANG_WARN_BOOL_CONVERSION = YES;
				CLANG_WARN_COMMA = YES;
				CLANG_WARN_CONSTANT_CONVERSION = YES;
				CLANG_WARN_DEPRECATED_OBJC_IMPLEMENTATIONS = YES;
				CLANG_WARN_DIRECT_OBJC_ISA_USAGE = YES_ERROR;
				CLANG_WARN_DOCUMENTATION_COMMENTS = YES;
				CLANG_WARN_EMPTY_BODY = YES;
				CLANG_WARN_ENUM_CONVERSION = YES;
				CLANG_WARN_INFINITE_RECURSION = YES;
				CLANG_WARN_INT_CONVERSION = YES;
				CLANG_WARN_NON_LITERAL_NULL_CONVERSION = YES;
				CLANG_WARN_OBJC_IMPLICIT_RETAIN_SELF = YES;
				CLANG_WARN_OBJC_LITERAL_CONVERSION = YES;
				CLANG_WARN_OBJC_ROOT_CLASS = YES_ERROR;
				CLANG_WARN_QUOTED_INCLUDE_IN_FRAMEWORK_HEADER = YES;
				CLANG_WARN_RANGE_LOOP_ANALYSIS = YES;
				CLANG_WARN_STRICT_PROTOTYPES = YES;
				CLANG_WARN_SUSPICIOUS_MOVE = YES;
				CLANG_WARN_UNGUARDED_AVAILABILITY = YES_AGGRESSIVE;
				CLANG_WARN_UNREACHABLE_CODE = YES;
				CLANG_WARN__DUPLICATE_METHOD_MATCH = YES;
				COPY_PHASE_STRIP = NO;
				DEBUG_INFORMATION_FORMAT = "dwarf-with-dsym";
				ENABLE_NS_ASSERTIONS = NO;
				ENABLE_STRICT_OBJC_MSGSEND = YES;
				ENABLE_USER_SCRIPT_SANDBOXING = YES;
				GCC_C_LANGUAGE_STANDARD = gnu17;
				GCC_NO_COMMON_BLOCKS = YES;
				GCC_WARN_64_TO_32_BIT_CONVERSION = YES;
				GCC_WARN_ABOUT_RETURN_TYPE = YES_ERROR;
				GCC_WARN_UNDECLARED_SELECTOR = YES;
				GCC_WARN_UNINITIALIZED_AUTOS = YES_AGGRESSIVE;
				GCC_WARN_UNUSED_FUNCTION = YES;
				GCC_WARN_UNUSED_VARIABLE = YES;
				IPHONEOS_DEPLOYMENT_TARGET = 18.2;
				LOCALIZATION_PREFERS_STRING_CATALOGS = YES;
				MTL_ENABLE_DEBUG_INFO = NO;
				MTL_FAST_MATH = YES;
				SDKROOT = iphoneos;
				SWIFT_COMPILATION_MODE = wholemodule;
				VALIDATE_PRODUCT = YES;
			};
			name = Release;
		};
		60DD0ABE2D30F84400F891FC /* Debug */ = {
			isa = XCBuildConfiguration;
			buildSettings = {
				BUNDLE_LOADER = "$(TEST_HOST)";
				CODE_SIGN_STYLE = Automatic;
				CURRENT_PROJECT_VERSION = 1;
				DEVELOPMENT_TEAM = UU9K8S2RUM;
				GENERATE_INFOPLIST_FILE = YES;
				IPHONEOS_DEPLOYMENT_TARGET = 18.2;
				MARKETING_VERSION = 1.0;
				PRODUCT_BUNDLE_IDENTIFIER = com.pro.wifiTests;
				PRODUCT_NAME = "$(TARGET_NAME)";
				SWIFT_EMIT_LOC_STRINGS = NO;
				SWIFT_VERSION = 5.0;
				TARGETED_DEVICE_FAMILY = "1,2";
				TEST_HOST = "$(BUILT_PRODUCTS_DIR)/Perpetual.app/$(BUNDLE_EXECUTABLE_FOLDER_PATH)/Perpetual";
			};
			name = Debug;
		};
		60DD0ABF2D30F84400F891FC /* Release */ = {
			isa = XCBuildConfiguration;
			buildSettings = {
				BUNDLE_LOADER = "$(TEST_HOST)";
				CODE_SIGN_STYLE = Automatic;
				CURRENT_PROJECT_VERSION = 1;
				DEVELOPMENT_TEAM = UU9K8S2RUM;
				GENERATE_INFOPLIST_FILE = YES;
				IPHONEOS_DEPLOYMENT_TARGET = 18.2;
				MARKETING_VERSION = 1.0;
				PRODUCT_BUNDLE_IDENTIFIER = com.pro.wifiTests;
				PRODUCT_NAME = "$(TARGET_NAME)";
				SWIFT_EMIT_LOC_STRINGS = NO;
				SWIFT_VERSION = 5.0;
				TARGETED_DEVICE_FAMILY = "1,2";
				TEST_HOST = "$(BUILT_PRODUCTS_DIR)/Perpetual.app/$(BUNDLE_EXECUTABLE_FOLDER_PATH)/Perpetual";
			};
			name = Release;
		};
		60DD0AC12D30F84400F891FC /* Debug */ = {
			isa = XCBuildConfiguration;
			buildSettings = {
				CODE_SIGN_STYLE = Automatic;
				CURRENT_PROJECT_VERSION = 1;
				DEVELOPMENT_TEAM = UU9K8S2RUM;
				GENERATE_INFOPLIST_FILE = YES;
				MARKETING_VERSION = 1.0;
				PRODUCT_BUNDLE_IDENTIFIER = com.pro.wifiUITests;
				PRODUCT_NAME = "$(TARGET_NAME)";
				SWIFT_EMIT_LOC_STRINGS = NO;
				SWIFT_VERSION = 5.0;
				TARGETED_DEVICE_FAMILY = "1,2";
				TEST_TARGET_NAME = wifi;
			};
			name = Debug;
		};
		60DD0AC22D30F84400F891FC /* Release */ = {
			isa = XCBuildConfiguration;
			buildSettings = {
				CODE_SIGN_STYLE = Automatic;
				CURRENT_PROJECT_VERSION = 1;
				DEVELOPMENT_TEAM = UU9K8S2RUM;
				GENERATE_INFOPLIST_FILE = YES;
				MARKETING_VERSION = 1.0;
				PRODUCT_BUNDLE_IDENTIFIER = com.pro.wifiUITests;
				PRODUCT_NAME = "$(TARGET_NAME)";
				SWIFT_EMIT_LOC_STRINGS = NO;
				SWIFT_VERSION = 5.0;
				TARGETED_DEVICE_FAMILY = "1,2";
				TEST_TARGET_NAME = wifi;
			};
			name = Release;
		};
/* End XCBuildConfiguration section */

/* Begin XCConfigurationList section */
		60DD0A8A2D30F84200F891FC /* Build configuration list for PBXProject "Perpetual" */ = {
			isa = XCConfigurationList;
			buildConfigurations = (
				60DD0ABB2D30F84400F891FC /* Debug */,
				60DD0ABC2D30F84400F891FC /* Release */,
			);
			defaultConfigurationIsVisible = 0;
			defaultConfigurationName = Release;
		};
		60DD0AB82D30F84400F891FC /* Build configuration list for PBXNativeTarget "Perpetual" */ = {
			isa = XCConfigurationList;
			buildConfigurations = (
				60DD0AB92D30F84400F891FC /* Debug */,
				60DD0ABA2D30F84400F891FC /* Release */,
			);
			defaultConfigurationIsVisible = 0;
			defaultConfigurationName = Release;
		};
		60DD0ABD2D30F84400F891FC /* Build configuration list for PBXNativeTarget "PerpetualTests" */ = {
			isa = XCConfigurationList;
			buildConfigurations = (
				60DD0ABE2D30F84400F891FC /* Debug */,
				60DD0ABF2D30F84400F891FC /* Release */,
			);
			defaultConfigurationIsVisible = 0;
			defaultConfigurationName = Release;
		};
		60DD0AC02D30F84400F891FC /* Build configuration list for PBXNativeTarget "PerpetualUITests" */ = {
			isa = XCConfigurationList;
			buildConfigurations = (
				60DD0AC12D30F84400F891FC /* Debug */,
				60DD0AC22D30F84400F891FC /* Release */,
			);
			defaultConfigurationIsVisible = 0;
			defaultConfigurationName = Release;
		};
/* End XCConfigurationList section */
	};
	rootObject = 60DD0A872D30F84200F891FC /* Project object */;
}
